// !$*UTF8*$!
{
	archiveVersion = 1;
	classes = {
	};
	objectVersion = 54;
	objects = {

/* Begin PBXBuildFile section */
		0207A19E21E35D9C0021EC98 /* Command.swift in Sources */ = {isa = PBXBuildFile; fileRef = 0207A19521E35D9B0021EC98 /* Command.swift */; };
		0207A19F21E35D9C0021EC98 /* Error.swift in Sources */ = {isa = PBXBuildFile; fileRef = 0207A19621E35D9B0021EC98 /* Error.swift */; };
		0207A1A021E35D9C0021EC98 /* ArgumentDescription.swift in Sources */ = {isa = PBXBuildFile; fileRef = 0207A19721E35D9B0021EC98 /* ArgumentDescription.swift */; };
		0207A1A121E35D9C0021EC98 /* Commands.swift in Sources */ = {isa = PBXBuildFile; fileRef = 0207A19821E35D9C0021EC98 /* Commands.swift */; };
		0207A1A221E35D9C0021EC98 /* CommandType.swift in Sources */ = {isa = PBXBuildFile; fileRef = 0207A19921E35D9C0021EC98 /* CommandType.swift */; };
		0207A1A321E35D9C0021EC98 /* ArgumentParser.swift in Sources */ = {isa = PBXBuildFile; fileRef = 0207A19A21E35D9C0021EC98 /* ArgumentParser.swift */; };
		0207A1A421E35D9C0021EC98 /* CommandRunner.swift in Sources */ = {isa = PBXBuildFile; fileRef = 0207A19B21E35D9C0021EC98 /* CommandRunner.swift */; };
		0207A1A521E35D9C0021EC98 /* Group.swift in Sources */ = {isa = PBXBuildFile; fileRef = 0207A19C21E35D9C0021EC98 /* Group.swift */; };
		0207A1A621E35D9C0021EC98 /* ArgumentConvertible.swift in Sources */ = {isa = PBXBuildFile; fileRef = 0207A19D21E35D9C0021EC98 /* ArgumentConvertible.swift */; };
		0207A1A721E35E1A0021EC98 /* Commander.h in Headers */ = {isa = PBXBuildFile; fileRef = 0207A18F21E35D620021EC98 /* Commander.h */; settings = {ATTRIBUTES = (Public, ); }; };
		916B438F2C9D98C900BDEAF2 /* AsyncCommands.swift in Sources */ = {isa = PBXBuildFile; fileRef = 916B438B2C9D98C900BDEAF2 /* AsyncCommands.swift */; };
		916B43902C9D98C900BDEAF2 /* AsyncCommand.swift in Sources */ = {isa = PBXBuildFile; fileRef = 916B438C2C9D98C900BDEAF2 /* AsyncCommand.swift */; };
		916B43912C9D98C900BDEAF2 /* AsyncCommandType.swift in Sources */ = {isa = PBXBuildFile; fileRef = 916B438D2C9D98C900BDEAF2 /* AsyncCommandType.swift */; };
		916B43922C9D98C900BDEAF2 /* AsyncGroup.swift in Sources */ = {isa = PBXBuildFile; fileRef = 916B438E2C9D98C900BDEAF2 /* AsyncGroup.swift */; };
		916B43942C9D98D300BDEAF2 /* CommandError.swift in Sources */ = {isa = PBXBuildFile; fileRef = 916B43932C9D98D300BDEAF2 /* CommandError.swift */; };
		916B43962C9D98DD00BDEAF2 /* GroupError.swift in Sources */ = {isa = PBXBuildFile; fileRef = 916B43952C9D98DD00BDEAF2 /* GroupError.swift */; };
/* End PBXBuildFile section */

/* Begin PBXFileReference section */
		0207A17621E35BEF0021EC98 /* Commander.framework */ = {isa = PBXFileReference; explicitFileType = wrapper.framework; includeInIndex = 0; path = Commander.framework; sourceTree = BUILT_PRODUCTS_DIR; };
		0207A18121E35D490021EC98 /* Commander.png */ = {isa = PBXFileReference; lastKnownFileType = image.png; path = Commander.png; sourceTree = "<group>"; };
		0207A18221E35D490021EC98 /* CHANGELOG.md */ = {isa = PBXFileReference; fileEncoding = 4; lastKnownFileType = net.daringfireball.markdown; path = CHANGELOG.md; sourceTree = "<group>"; };
		0207A18321E35D490021EC98 /* Commander.podspec.json */ = {isa = PBXFileReference; fileEncoding = 4; lastKnownFileType = text.json; path = Commander.podspec.json; sourceTree = "<group>"; };
		0207A18421E35D490021EC98 /* README.md */ = {isa = PBXFileReference; fileEncoding = 4; lastKnownFileType = net.daringfireball.markdown; path = README.md; sourceTree = "<group>"; };
		0207A18521E35D490021EC98 /* LICENSE */ = {isa = PBXFileReference; fileEncoding = 4; lastKnownFileType = text; path = LICENSE; sourceTree = "<group>"; };
		0207A18621E35D490021EC98 /* Makefile */ = {isa = PBXFileReference; fileEncoding = 4; lastKnownFileType = sourcecode.make; path = Makefile; sourceTree = "<group>"; };
		0207A18721E35D490021EC98 /* Package.swift */ = {isa = PBXFileReference; fileEncoding = 4; lastKnownFileType = sourcecode.swift; path = Package.swift; sourceTree = "<group>"; };
		0207A18F21E35D620021EC98 /* Commander.h */ = {isa = PBXFileReference; fileEncoding = 4; lastKnownFileType = sourcecode.c.h; path = Commander.h; sourceTree = "<group>"; };
		0207A19021E35D620021EC98 /* Info.plist */ = {isa = PBXFileReference; fileEncoding = 4; lastKnownFileType = text.plist.xml; path = Info.plist; sourceTree = "<group>"; };
		0207A19521E35D9B0021EC98 /* Command.swift */ = {isa = PBXFileReference; fileEncoding = 4; lastKnownFileType = sourcecode.swift; path = Command.swift; sourceTree = "<group>"; };
		0207A19621E35D9B0021EC98 /* Error.swift */ = {isa = PBXFileReference; fileEncoding = 4; lastKnownFileType = sourcecode.swift; path = Error.swift; sourceTree = "<group>"; };
		0207A19721E35D9B0021EC98 /* ArgumentDescription.swift */ = {isa = PBXFileReference; fileEncoding = 4; lastKnownFileType = sourcecode.swift; path = ArgumentDescription.swift; sourceTree = "<group>"; };
		0207A19821E35D9C0021EC98 /* Commands.swift */ = {isa = PBXFileReference; fileEncoding = 4; lastKnownFileType = sourcecode.swift; path = Commands.swift; sourceTree = "<group>"; };
		0207A19921E35D9C0021EC98 /* CommandType.swift */ = {isa = PBXFileReference; fileEncoding = 4; lastKnownFileType = sourcecode.swift; path = CommandType.swift; sourceTree = "<group>"; };
		0207A19A21E35D9C0021EC98 /* ArgumentParser.swift */ = {isa = PBXFileReference; fileEncoding = 4; lastKnownFileType = sourcecode.swift; path = ArgumentParser.swift; sourceTree = "<group>"; };
		0207A19B21E35D9C0021EC98 /* CommandRunner.swift */ = {isa = PBXFileReference; fileEncoding = 4; lastKnownFileType = sourcecode.swift; path = CommandRunner.swift; sourceTree = "<group>"; };
		0207A19C21E35D9C0021EC98 /* Group.swift */ = {isa = PBXFileReference; fileEncoding = 4; lastKnownFileType = sourcecode.swift; path = Group.swift; sourceTree = "<group>"; };
		0207A19D21E35D9C0021EC98 /* ArgumentConvertible.swift */ = {isa = PBXFileReference; fileEncoding = 4; lastKnownFileType = sourcecode.swift; path = ArgumentConvertible.swift; sourceTree = "<group>"; };
		916B438B2C9D98C900BDEAF2 /* AsyncCommands.swift */ = {isa = PBXFileReference; fileEncoding = 4; lastKnownFileType = sourcecode.swift; path = AsyncCommands.swift; sourceTree = "<group>"; };
		916B438C2C9D98C900BDEAF2 /* AsyncCommand.swift */ = {isa = PBXFileReference; fileEncoding = 4; lastKnownFileType = sourcecode.swift; path = AsyncCommand.swift; sourceTree = "<group>"; };
		916B438D2C9D98C900BDEAF2 /* AsyncCommandType.swift */ = {isa = PBXFileReference; fileEncoding = 4; lastKnownFileType = sourcecode.swift; path = AsyncCommandType.swift; sourceTree = "<group>"; };
		916B438E2C9D98C900BDEAF2 /* AsyncGroup.swift */ = {isa = PBXFileReference; fileEncoding = 4; lastKnownFileType = sourcecode.swift; path = AsyncGroup.swift; sourceTree = "<group>"; };
		916B43932C9D98D300BDEAF2 /* CommandError.swift */ = {isa = PBXFileReference; fileEncoding = 4; lastKnownFileType = sourcecode.swift; path = CommandError.swift; sourceTree = "<group>"; };
		916B43952C9D98DD00BDEAF2 /* GroupError.swift */ = {isa = PBXFileReference; fileEncoding = 4; lastKnownFileType = sourcecode.swift; path = GroupError.swift; sourceTree = "<group>"; };
/* End PBXFileReference section */

/* Begin PBXFrameworksBuildPhase section */
		0207A17321E35BEF0021EC98 /* Frameworks */ = {
			isa = PBXFrameworksBuildPhase;
			buildActionMask = 2147483647;
			files = (
			);
			runOnlyForDeploymentPostprocessing = 0;
		};
/* End PBXFrameworksBuildPhase section */

/* Begin PBXGroup section */
		0207A16C21E35BEF0021EC98 = {
			isa = PBXGroup;
			children = (
				0207A19421E35D760021EC98 /* Sources */,
				0207A18F21E35D620021EC98 /* Commander.h */,
				0207A19021E35D620021EC98 /* Info.plist */,
				0207A18221E35D490021EC98 /* CHANGELOG.md */,
				0207A18121E35D490021EC98 /* Commander.png */,
				0207A18321E35D490021EC98 /* Commander.podspec.json */,
				0207A18521E35D490021EC98 /* LICENSE */,
				0207A18621E35D490021EC98 /* Makefile */,
				0207A18721E35D490021EC98 /* Package.swift */,
				0207A18421E35D490021EC98 /* README.md */,
				0207A17721E35BEF0021EC98 /* Products */,
			);
			sourceTree = "<group>";
		};
		0207A17721E35BEF0021EC98 /* Products */ = {
			isa = PBXGroup;
			children = (
				0207A17621E35BEF0021EC98 /* Commander.framework */,
			);
			name = Products;
			sourceTree = "<group>";
		};
		0207A19421E35D760021EC98 /* Sources */ = {
			isa = PBXGroup;
			children = (
				0207A19D21E35D9C0021EC98 /* ArgumentConvertible.swift */,
				0207A19721E35D9B0021EC98 /* ArgumentDescription.swift */,
				0207A19A21E35D9C0021EC98 /* ArgumentParser.swift */,
				916B438C2C9D98C900BDEAF2 /* AsyncCommand.swift */,
				916B438B2C9D98C900BDEAF2 /* AsyncCommands.swift */,
				916B438D2C9D98C900BDEAF2 /* AsyncCommandType.swift */,
				916B438E2C9D98C900BDEAF2 /* AsyncGroup.swift */,
				0207A19521E35D9B0021EC98 /* Command.swift */,
				916B43932C9D98D300BDEAF2 /* CommandError.swift */,
				0207A19B21E35D9C0021EC98 /* CommandRunner.swift */,
				0207A19821E35D9C0021EC98 /* Commands.swift */,
				0207A19921E35D9C0021EC98 /* CommandType.swift */,
				0207A19621E35D9B0021EC98 /* Error.swift */,
				0207A19C21E35D9C0021EC98 /* Group.swift */,
				916B43952C9D98DD00BDEAF2 /* GroupError.swift */,
			);
			name = Sources;
			path = Sources/Commander;
			sourceTree = "<group>";
		};
/* End PBXGroup section */

/* Begin PBXHeadersBuildPhase section */
		0207A17121E35BEF0021EC98 /* Headers */ = {
			isa = PBXHeadersBuildPhase;
			buildActionMask = 2147483647;
			files = (
				0207A1A721E35E1A0021EC98 /* Commander.h in Headers */,
			);
			runOnlyForDeploymentPostprocessing = 0;
		};
/* End PBXHeadersBuildPhase section */

/* Begin PBXNativeTarget section */
		0207A17521E35BEF0021EC98 /* Commander */ = {
			isa = PBXNativeTarget;
			buildConfigurationList = 0207A17E21E35BEF0021EC98 /* Build configuration list for PBXNativeTarget "Commander" */;
			buildPhases = (
				0207A17121E35BEF0021EC98 /* Headers */,
				0207A17221E35BEF0021EC98 /* Sources */,
				0207A17321E35BEF0021EC98 /* Frameworks */,
				0207A17421E35BEF0021EC98 /* Resources */,
			);
			buildRules = (
			);
			dependencies = (
			);
			name = Commander;
			productName = Commander;
			productReference = 0207A17621E35BEF0021EC98 /* Commander.framework */;
			productType = "com.apple.product-type.framework";
		};
/* End PBXNativeTarget section */

/* Begin PBXProject section */
		0207A16D21E35BEF0021EC98 /* Project object */ = {
			isa = PBXProject;
			attributes = {
				BuildIndependentTargetsInParallel = YES;
				LastUpgradeCheck = 1540;
				ORGANIZATIONNAME = Egnyte;
				TargetAttributes = {
					0207A17521E35BEF0021EC98 = {
						CreatedOnToolsVersion = 10.0;
						LastSwiftMigration = 1540;
					};
				};
			};
			buildConfigurationList = 0207A17021E35BEF0021EC98 /* Build configuration list for PBXProject "Commander" */;
			compatibilityVersion = "Xcode 9.3";
			developmentRegion = en;
			hasScannedForEncodings = 0;
			knownRegions = (
				en,
			);
			mainGroup = 0207A16C21E35BEF0021EC98;
			productRefGroup = 0207A17721E35BEF0021EC98 /* Products */;
			projectDirPath = "";
			projectRoot = "";
			targets = (
				0207A17521E35BEF0021EC98 /* Commander */,
			);
		};
/* End PBXProject section */

/* Begin PBXResourcesBuildPhase section */
		0207A17421E35BEF0021EC98 /* Resources */ = {
			isa = PBXResourcesBuildPhase;
			buildActionMask = 2147483647;
			files = (
			);
			runOnlyForDeploymentPostprocessing = 0;
		};
/* End PBXResourcesBuildPhase section */

/* Begin PBXSourcesBuildPhase section */
		0207A17221E35BEF0021EC98 /* Sources */ = {
			isa = PBXSourcesBuildPhase;
			buildActionMask = 2147483647;
			files = (
				0207A1A221E35D9C0021EC98 /* CommandType.swift in Sources */,
				0207A1A421E35D9C0021EC98 /* CommandRunner.swift in Sources */,
				916B43902C9D98C900BDEAF2 /* AsyncCommand.swift in Sources */,
				916B43962C9D98DD00BDEAF2 /* GroupError.swift in Sources */,
				0207A19F21E35D9C0021EC98 /* Error.swift in Sources */,
				0207A1A521E35D9C0021EC98 /* Group.swift in Sources */,
				0207A1A121E35D9C0021EC98 /* Commands.swift in Sources */,
				0207A1A021E35D9C0021EC98 /* ArgumentDescription.swift in Sources */,
				0207A1A621E35D9C0021EC98 /* ArgumentConvertible.swift in Sources */,
				916B43942C9D98D300BDEAF2 /* CommandError.swift in Sources */,
				916B43912C9D98C900BDEAF2 /* AsyncCommandType.swift in Sources */,
				0207A19E21E35D9C0021EC98 /* Command.swift in Sources */,
				916B438F2C9D98C900BDEAF2 /* AsyncCommands.swift in Sources */,
				916B43922C9D98C900BDEAF2 /* AsyncGroup.swift in Sources */,
				0207A1A321E35D9C0021EC98 /* ArgumentParser.swift in Sources */,
			);
			runOnlyForDeploymentPostprocessing = 0;
		};
/* End PBXSourcesBuildPhase section */

/* Begin XCBuildConfiguration section */
		0207A17C21E35BEF0021EC98 /* Debug */ = {
			isa = XCBuildConfiguration;
			buildSettings = {
				ALWAYS_SEARCH_USER_PATHS = NO;
				CLANG_ANALYZER_NONNULL = YES;
				CLANG_ANALYZER_NUMBER_OBJECT_CONVERSION = YES_AGGRESSIVE;
				CLANG_CXX_LANGUAGE_STANDARD = "gnu++14";
				CLANG_CXX_LIBRARY = "libc++";
				CLANG_ENABLE_MODULES = YES;
				CLANG_ENABLE_OBJC_ARC = YES;
				CLANG_ENABLE_OBJC_WEAK = YES;
				CLANG_WARN_BLOCK_CAPTURE_AUTORELEASING = YES;
				CLANG_WARN_BOOL_CONVERSION = YES;
				CLANG_WARN_COMMA = YES;
				CLANG_WARN_CONSTANT_CONVERSION = YES;
				CLANG_WARN_DEPRECATED_OBJC_IMPLEMENTATIONS = YES;
				CLANG_WARN_DIRECT_OBJC_ISA_USAGE = YES_ERROR;
				CLANG_WARN_DOCUMENTATION_COMMENTS = YES;
				CLANG_WARN_EMPTY_BODY = YES;
				CLANG_WARN_ENUM_CONVERSION = YES;
				CLANG_WARN_INFINITE_RECURSION = YES;
				CLANG_WARN_INT_CONVERSION = YES;
				CLANG_WARN_NON_LITERAL_NULL_CONVERSION = YES;
				CLANG_WARN_OBJC_IMPLICIT_RETAIN_SELF = YES;
				CLANG_WARN_OBJC_LITERAL_CONVERSION = YES;
				CLANG_WARN_OBJC_ROOT_CLASS = YES_ERROR;
				CLANG_WARN_QUOTED_INCLUDE_IN_FRAMEWORK_HEADER = YES;
				CLANG_WARN_RANGE_LOOP_ANALYSIS = YES;
				CLANG_WARN_STRICT_PROTOTYPES = YES;
				CLANG_WARN_SUSPICIOUS_MOVE = YES;
				CLANG_WARN_UNGUARDED_AVAILABILITY = YES_AGGRESSIVE;
				CLANG_WARN_UNREACHABLE_CODE = YES;
				CLANG_WARN__DUPLICATE_METHOD_MATCH = YES;
				CODE_SIGN_IDENTITY = "Mac Developer";
				COPY_PHASE_STRIP = NO;
				CURRENT_PROJECT_VERSION = 1;
				DEAD_CODE_STRIPPING = YES;
				DEBUG_INFORMATION_FORMAT = dwarf;
				ENABLE_STRICT_OBJC_MSGSEND = YES;
				ENABLE_TESTABILITY = YES;
				ENABLE_USER_SCRIPT_SANDBOXING = YES;
				GCC_C_LANGUAGE_STANDARD = gnu11;
				GCC_DYNAMIC_NO_PIC = NO;
				GCC_NO_COMMON_BLOCKS = YES;
				GCC_OPTIMIZATION_LEVEL = 0;
				GCC_PREPROCESSOR_DEFINITIONS = (
					"DEBUG=1",
					"$(inherited)",
				);
				GCC_WARN_64_TO_32_BIT_CONVERSION = YES;
				GCC_WARN_ABOUT_RETURN_TYPE = YES_ERROR;
				GCC_WARN_UNDECLARED_SELECTOR = YES;
				GCC_WARN_UNINITIALIZED_AUTOS = YES_AGGRESSIVE;
				GCC_WARN_UNUSED_FUNCTION = YES;
				GCC_WARN_UNUSED_VARIABLE = YES;
				MACOSX_DEPLOYMENT_TARGET = 10.13;
				MTL_ENABLE_DEBUG_INFO = INCLUDE_SOURCE;
				MTL_FAST_MATH = YES;
				ONLY_ACTIVE_ARCH = YES;
				SDKROOT = macosx;
				SWIFT_ACTIVE_COMPILATION_CONDITIONS = DEBUG;
				SWIFT_OPTIMIZATION_LEVEL = "-Onone";
				VERSIONING_SYSTEM = "apple-generic";
				VERSION_INFO_PREFIX = "";
			};
			name = Debug;
		};
		0207A17D21E35BEF0021EC98 /* Release */ = {
			isa = XCBuildConfiguration;
			buildSettings = {
				ALWAYS_SEARCH_USER_PATHS = NO;
				CLANG_ANALYZER_NONNULL = YES;
				CLANG_ANALYZER_NUMBER_OBJECT_CONVERSION = YES_AGGRESSIVE;
				CLANG_CXX_LANGUAGE_STANDARD = "gnu++14";
				CLANG_CXX_LIBRARY = "libc++";
				CLANG_ENABLE_MODULES = YES;
				CLANG_ENABLE_OBJC_ARC = YES;
				CLANG_ENABLE_OBJC_WEAK = YES;
				CLANG_WARN_BLOCK_CAPTURE_AUTORELEASING = YES;
				CLANG_WARN_BOOL_CONVERSION = YES;
				CLANG_WARN_COMMA = YES;
				CLANG_WARN_CONSTANT_CONVERSION = YES;
				CLANG_WARN_DEPRECATED_OBJC_IMPLEMENTATIONS = YES;
				CLANG_WARN_DIRECT_OBJC_ISA_USAGE = YES_ERROR;
				CLANG_WARN_DOCUMENTATION_COMMENTS = YES;
				CLANG_WARN_EMPTY_BODY = YES;
				CLANG_WARN_ENUM_CONVERSION = YES;
				CLANG_WARN_INFINITE_RECURSION = YES;
				CLANG_WARN_INT_CONVERSION = YES;
				CLANG_WARN_NON_LITERAL_NULL_CONVERSION = YES;
				CLANG_WARN_OBJC_IMPLICIT_RETAIN_SELF = YES;
				CLANG_WARN_OBJC_LITERAL_CONVERSION = YES;
				CLANG_WARN_OBJC_ROOT_CLASS = YES_ERROR;
				CLANG_WARN_QUOTED_INCLUDE_IN_FRAMEWORK_HEADER = YES;
				CLANG_WARN_RANGE_LOOP_ANALYSIS = YES;
				CLANG_WARN_STRICT_PROTOTYPES = YES;
				CLANG_WARN_SUSPICIOUS_MOVE = YES;
				CLANG_WARN_UNGUARDED_AVAILABILITY = YES_AGGRESSIVE;
				CLANG_WARN_UNREACHABLE_CODE = YES;
				CLANG_WARN__DUPLICATE_METHOD_MATCH = YES;
				CODE_SIGN_IDENTITY = "Mac Developer";
				COPY_PHASE_STRIP = NO;
				CURRENT_PROJECT_VERSION = 1;
				DEAD_CODE_STRIPPING = YES;
				DEBUG_INFORMATION_FORMAT = "dwarf-with-dsym";
				ENABLE_NS_ASSERTIONS = NO;
				ENABLE_STRICT_OBJC_MSGSEND = YES;
				ENABLE_USER_SCRIPT_SANDBOXING = YES;
				GCC_C_LANGUAGE_STANDARD = gnu11;
				GCC_NO_COMMON_BLOCKS = YES;
				GCC_WARN_64_TO_32_BIT_CONVERSION = YES;
				GCC_WARN_ABOUT_RETURN_TYPE = YES_ERROR;
				GCC_WARN_UNDECLARED_SELECTOR = YES;
				GCC_WARN_UNINITIALIZED_AUTOS = YES_AGGRESSIVE;
				GCC_WARN_UNUSED_FUNCTION = YES;
				GCC_WARN_UNUSED_VARIABLE = YES;
				MACOSX_DEPLOYMENT_TARGET = 10.13;
				MTL_ENABLE_DEBUG_INFO = NO;
				MTL_FAST_MATH = YES;
				SDKROOT = macosx;
				SWIFT_COMPILATION_MODE = wholemodule;
				SWIFT_OPTIMIZATION_LEVEL = "-O";
				VERSIONING_SYSTEM = "apple-generic";
				VERSION_INFO_PREFIX = "";
			};
			name = Release;
		};
		0207A17F21E35BEF0021EC98 /* Debug */ = {
			isa = XCBuildConfiguration;
			buildSettings = {
				CLANG_ENABLE_MODULES = YES;
				CODE_SIGN_IDENTITY = "";
				CODE_SIGN_STYLE = Automatic;
				COMBINE_HIDPI_IMAGES = YES;
				DEAD_CODE_STRIPPING = YES;
				DEFINES_MODULE = YES;
				DEVELOPMENT_TEAM = FELUD555VC;
				DYLIB_COMPATIBILITY_VERSION = 1;
				DYLIB_CURRENT_VERSION = 1;
				DYLIB_INSTALL_NAME_BASE = "@rpath";
				ENABLE_MODULE_VERIFIER = YES;
				FRAMEWORK_VERSION = A;
				INFOPLIST_FILE = "$(SRCROOT)/Info.plist";
				INSTALL_PATH = "$(LOCAL_LIBRARY_DIR)/Frameworks";
				LD_RUNPATH_SEARCH_PATHS = (
					"$(inherited)",
					"@executable_path/../Frameworks",
					"@loader_path/Frameworks",
				);
				MACOSX_DEPLOYMENT_TARGET = "$(RECOMMENDED_MACOSX_DEPLOYMENT_TARGET)";
				MODULE_VERIFIER_SUPPORTED_LANGUAGE_STANDARDS = "gnu11 gnu++14";
				PRODUCT_BUNDLE_IDENTIFIER = com.egnyte.desktop.Commander;
				PRODUCT_NAME = "$(TARGET_NAME:c99extidentifier)";
				SKIP_INSTALL = YES;
				SWIFT_OPTIMIZATION_LEVEL = "-Onone";
				SWIFT_VERSION = 5.0;
			};
			name = Debug;
		};
		0207A18021E35BEF0021EC98 /* Release */ = {
			isa = XCBuildConfiguration;
			buildSettings = {
				CLANG_ENABLE_MODULES = YES;
				CODE_SIGN_IDENTITY = "";
				CODE_SIGN_STYLE = Automatic;
				COMBINE_HIDPI_IMAGES = YES;
				DEAD_CODE_STRIPPING = YES;
				DEFINES_MODULE = YES;
				DEVELOPMENT_TEAM = FELUD555VC;
				DYLIB_COMPATIBILITY_VERSION = 1;
				DYLIB_CURRENT_VERSION = 1;
				DYLIB_INSTALL_NAME_BASE = "@rpath";
				ENABLE_MODULE_VERIFIER = YES;
				FRAMEWORK_VERSION = A;
				INFOPLIST_FILE = "$(SRCROOT)/Info.plist";
				INSTALL_PATH = "$(LOCAL_LIBRARY_DIR)/Frameworks";
				LD_RUNPATH_SEARCH_PATHS = (
					"$(inherited)",
					"@executable_path/../Frameworks",
					"@loader_path/Frameworks",
				);
				MACOSX_DEPLOYMENT_TARGET = "$(RECOMMENDED_MACOSX_DEPLOYMENT_TARGET)";
				MODULE_VERIFIER_SUPPORTED_LANGUAGE_STANDARDS = "gnu11 gnu++14";
				PRODUCT_BUNDLE_IDENTIFIER = com.egnyte.desktop.Commander;
				PRODUCT_NAME = "$(TARGET_NAME:c99extidentifier)";
				SKIP_INSTALL = YES;
				SWIFT_VERSION = 5.0;
			};
			name = Release;
		};
/* End XCBuildConfiguration section */

/* Begin XCConfigurationList section */
		0207A17021E35BEF0021EC98 /* Build configuration list for PBXProject "Commander" */ = {
			isa = XCConfigurationList;
			buildConfigurations = (
				0207A17C21E35BEF0021EC98 /* Debug */,
				0207A17D21E35BEF0021EC98 /* Release */,
			);
			defaultConfigurationIsVisible = 0;
			defaultConfigurationName = Release;
		};
		0207A17E21E35BEF0021EC98 /* Build configuration list for PBXNativeTarget "Commander" */ = {
			isa = XCConfigurationList;
			buildConfigurations = (
				0207A17F21E35BEF0021EC98 /* Debug */,
				0207A18021E35BEF0021EC98 /* Release */,
			);
			defaultConfigurationIsVisible = 0;
			defaultConfigurationName = Release;
		};
/* End XCConfigurationList section */
	};
	rootObject = 0207A16D21E35BEF0021EC98 /* Project object */;
}
